{
  "name": "prolog-notebook",
  "version": "0.1.0",
  "lockfileVersion": 3,
  "requires": true,
  "packages": {
    "": {
      "name": "prolog-notebook",
      "version": "0.1.0",
      "license": "MIT",
      "dependencies": {
        "swipl-wasm": "^8.0.4"
      },
      "engines": {
        "node": ">=18"
      }
    },
    "node_modules/@types/emscripten": {
      "version": "1.41.5",
      "resolved": "https://registry.npmjs.org/@types/emscripten/-/emscripten-1.41.5.tgz",
      "integrity": "sha512-cMQm7pxu6BxtHyqJ7mQZ2kXWV5SLmugybFdHCBbJ5eHzOo6VhBckEgAT3//rP5FwPHNPeEiq4SmQ5ucBwsOo4Q==",
      "license": "MIT"
    },
    "node_modules/swipl-wasm": {
      "version": "8.0.4",
      "resolved": "https://registry.npmjs.org/swipl-wasm/-/swipl-wasm-8.0.4.tgz",
      "integrity": "sha512-vmBNKbuyHKg2QGECxwjY1rIB0/zwZhgeXSYzArcj1xYI00tDzSg0fg46ID1Evd3sZt0biaDI5F84/znkjD97FQ==",
      "license": "BSD-2-Clause",
      "dependencies": {
        "@types/emscripten": "^1.41.5"
      },
      "bin": {
        "swipl-generate": "dist/bin/index.js"
      }
    }
  }
}
